
Microsoft Visual Studio Solution File, Format Version 12.00
# Visual Studio 15
VisualStudioVersion = 15.0.27130.2036
MinimumVisualStudioVersion = 10.0.40219.1
Project("{2150E333-8FDC-42A3-9474-1A3956D46DE8}") = "Solution Items", "Solution Items", "{C8675FBC-DC7E-4F13-AD15-E73F1E1862FF}"
	ProjectSection(SolutionItems) = preProject
		README.md = README.md
	EndProjectSection
EndProject
Project("{9A19103F-16F7-4668-BE54-9A1E7A4F7556}") = "King.Service", "King.Service\King.Service.csproj", "{EA0FE0BA-52AF-44DD-9552-8FFCB88E5B75}"
EndProject
Project("{9A19103F-16F7-4668-BE54-9A1E7A4F7556}") = "King.Service.Unit.Tests", "King.Service.Unit.Tests\King.Service.Unit.Tests.csproj", "{617F7664-1289-4762-A1C8-F236E1ACF37C}"
EndProject
Global
	GlobalSection(SolutionConfigurationPlatforms) = preSolution
		Debug|Any CPU = Debug|Any CPU
		Release|Any CPU = Release|Any CPU
	EndGlobalSection
	GlobalSection(ProjectConfigurationPlatforms) = postSolution
		{EA0FE0BA-52AF-44DD-9552-8FFCB88E5B75}.Debug|Any CPU.ActiveCfg = Debug|Any CPU
		{EA0FE0BA-52AF-44DD-9552-8FFCB88E5B75}.Debug|Any CPU.Build.0 = Debug|Any CPU
		{EA0FE0BA-52AF-44DD-9552-8FFCB88E5B75}.Release|Any CPU.ActiveCfg = Release|Any CPU
		{EA0FE0BA-52AF-44DD-9552-8FFCB88E5B75}.Release|Any CPU.Build.0 = Release|Any CPU
		{617F7664-1289-4762-A1C8-F236E1ACF37C}.Debug|Any CPU.ActiveCfg = Debug|Any CPU
		{617F7664-1289-4762-A1C8-F236E1ACF37C}.Debug|Any CPU.Build.0 = Debug|Any CPU
		{617F7664-1289-4762-A1C8-F236E1ACF37C}.Release|Any CPU.ActiveCfg = Release|Any CPU
		{617F7664-1289-4762-A1C8-F236E1ACF37C}.Release|Any CPU.Build.0 = Release|Any CPU
	EndGlobalSection
	GlobalSection(SolutionProperties) = preSolution
		HideSolutionNode = FALSE
	EndGlobalSection
	GlobalSection(ExtensibilityGlobals) = postSolution
		SolutionGuid = {DAF3C446-B460-4C22-8DBF-E2F9C1E80630}
	EndGlobalSection
EndGlobal
